Microsoft Visual Studio Solution File, Format Version 11.00
# Visual Studio 2008

Project("{7B174482-2CF2-89C8-F21F-01D0B40B90D6}") = "luaTest", "Assembly-CSharp.csproj", "{D1E19B6A-B866-FBD9-4C8C-CCA4C5FAEB63}"
EndProject
Project("{7B174482-2CF2-89C8-F21F-01D0B40B90D6}") = "luaTest", "Assembly-CSharp-Editor.csproj", "{1105F72C-601C-6264-7A99-9C1727D82868}"
EndProject
Global
	GlobalSection(SolutionConfigurationPlatforms) = preSolution
		Debug|Any CPU = Debug|Any CPU
		Release|Any CPU = Release|Any CPU
	EndGlobalSection
	GlobalSection(ProjectConfigurationPlatforms) = postSolution
		{D1E19B6A-B866-FBD9-4C8C-CCA4C5FAEB63}.Debug|Any CPU.ActiveCfg = Debug|Any CPU
		{D1E19B6A-B866-FBD9-4C8C-CCA4C5FAEB63}.Debug|Any CPU.Build.0 = Debug|Any CPU
		{D1E19B6A-B866-FBD9-4C8C-CCA4C5FAEB63}.Release|Any CPU.ActiveCfg = Release|Any CPU
		{D1E19B6A-B866-FBD9-4C8C-CCA4C5FAEB63}.Release|Any CPU.Build.0 = Release|Any CPU
		{1105F72C-601C-6264-7A99-9C1727D82868}.Debug|Any CPU.ActiveCfg = Debug|Any CPU
		{1105F72C-601C-6264-7A99-9C1727D82868}.Debug|Any CPU.Build.0 = Debug|Any CPU
		{1105F72C-601C-6264-7A99-9C1727D82868}.Release|Any CPU.ActiveCfg = Release|Any CPU
		{1105F72C-601C-6264-7A99-9C1727D82868}.Release|Any CPU.Build.0 = Release|Any CPU
	EndGlobalSection
	GlobalSection(SolutionProperties) = preSolution
		HideSolutionNode = FALSE
	EndGlobalSection
																										GlobalSection(MonoDevelopProperties) = preSolution
		StartupItem = Assembly-CSharp.csproj
		Policies = $0
		$0.TextStylePolicy = $1
		$1.inheritsSet = null
		$1.scope = text/x-csharp
		$0.CSharpFormattingPolicy = $2
		$2.inheritsSet = Mono
		$2.inheritsScope = text/x-csharp
		$2.scope = text/x-csharp
		$0.TextStylePolicy = $3
		$3.FileWidth = 120
		$3.TabWidth = 4
		$3.IndentWidth = 4
		$3.EolMarker = Unix
		$3.inheritsSet = Mono
		$3.inheritsScope = text/plain
		$3.scope = text/plain
	EndGlobalSection

EndGlobal
